// !$*UTF8*$!
{
	archiveVersion = 1;
	classes = {
	};
	objectVersion = 77;
	objects = {

/* Begin PBXBuildFile section */
		278576A23012EB010048BFBD /* NotilogCore in Frameworks */ = {isa = PBXBuildFile; productRef = 278576A13012EB010048BFBD /* NotilogCore */; };
/* End PBXBuildFile section */

/* Begin PBXContainerItemProxy section */
		27CD5A003004759300DAE353 /* PBXContainerItemProxy */ = {
			isa = PBXContainerItemProxy;
			containerPortal = 27D386A93002E8CC00DC4586 /* Project object */;
			proxyType = 1;
			remoteGlobalIDString = 27DD8B9E30046E06001B042B;
			remoteInfo = ShutUpMacCLI;
		};
/* End PBXContainerItemProxy section */

/* Begin PBXCopyFilesBuildPhase section */
		27DD8B9D30046E06001B042B /* CopyFiles */ = {
			isa = PBXCopyFilesBuildPhase;
			buildActionMask = 2147483647;
			dstPath = /usr/share/man/man1/;
			dstSubfolderSpec = 0;
			files = (
			);
			runOnlyForDeploymentPostprocessing = 1;
		};
/* End PBXCopyFilesBuildPhase section */

/* Begin PBXFileReference section */
		27D386B13002E8CC00DC4586 /* ShutUpMac.app */ = {isa = PBXFileReference; explicitFileType = wrapper.application; includeInIndex = 0; path = ShutUpMac.app; sourceTree = BUILT_PRODUCTS_DIR; };
		27DD8B9F30046E06001B042B /* shutupmac-cli */ = {isa = PBXFileReference; explicitFileType = "compiled.mach-o.executable"; includeInIndex = 0; path = "shutupmac-cli"; sourceTree = BUILT_PRODUCTS_DIR; };
/* End PBXFileReference section */

/* Begin PBXFileSystemSynchronizedBuildFileExceptionSet section */
		27DD8BA93004715C001B042B /* Exceptions for "ShutUpMac" folder in "ShutUpMacCLI" target */ = {
			isa = PBXFileSystemSynchronizedBuildFileExceptionSet;
			membershipExceptions = (
				AXDiagnostics.swift,
				AXHelpers.swift,
				NotificationCenterAccess.swift,
				NotificationClearAll.swift,
				ShutUpMacEngine.swift,
				VisibleNotifications.swift,
			);
			target = 27DD8B9E30046E06001B042B /* ShutUpMacCLI */;
		};
/* End PBXFileSystemSynchronizedBuildFileExceptionSet section */

/* Begin PBXFileSystemSynchronizedRootGroup section */
		27D386B33002E8CC00DC4586 /* ShutUpMac */ = {
			isa = PBXFileSystemSynchronizedRootGroup;
			exceptions = (
				27DD8BA93004715C001B042B /* Exceptions for "ShutUpMac" folder in "ShutUpMacCLI" target */,
			);
			path = ShutUpMac;
			sourceTree = "<group>";
		};
		27DD8BA030046E06001B042B /* ShutUpMacCLI */ = {
			isa = PBXFileSystemSynchronizedRootGroup;
			path = ShutUpMacCLI;
			sourceTree = "<group>";
		};
/* End PBXFileSystemSynchronizedRootGroup section */

/* Begin PBXFrameworksBuildPhase section */
		27D386AE3002E8CC00DC4586 /* Frameworks */ = {
			isa = PBXFrameworksBuildPhase;
			buildActionMask = 2147483647;
			files = (
				278576A23012EB010048BFBD /* NotilogCore in Frameworks */,
			);
			runOnlyForDeploymentPostprocessing = 0;
		};
		27DD8B9C30046E06001B042B /* Frameworks */ = {
			isa = PBXFrameworksBuildPhase;
			buildActionMask = 2147483647;
			files = (
			);
			runOnlyForDeploymentPostprocessing = 0;
		};
/* End PBXFrameworksBuildPhase section */

/* Begin PBXGroup section */
		278576A03012EB010048BFBD /* Frameworks */ = {
			isa = PBXGroup;
			children = (
			);
			name = Frameworks;
			sourceTree = "<group>";
		};
		27D386A83002E8CC00DC4586 = {
			isa = PBXGroup;
			children = (
				27D386B33002E8CC00DC4586 /* ShutUpMac */,
				27DD8BA030046E06001B042B /* ShutUpMacCLI */,
				278576A03012EB010048BFBD /* Frameworks */,
				27D386B23002E8CC00DC4586 /* Products */,
			);
			sourceTree = "<group>";
		};
		27D386B23002E8CC00DC4586 /* Products */ = {
			isa = PBXGroup;
			children = (
				27D386B13002E8CC00DC4586 /* ShutUpMac.app */,
				27DD8B9F30046E06001B042B /* shutupmac-cli */,
			);
			name = Products;
			sourceTree = "<group>";
		};
/* End PBXGroup section */

/* Begin PBXNativeTarget section */
		27D386B03002E8CC00DC4586 /* ShutUpMac */ = {
			isa = PBXNativeTarget;
			buildConfigurationList = 27D386BC3002E8CD00DC4586 /* Build configuration list for PBXNativeTarget "ShutUpMac" */;
			buildPhases = (
				27D386AD3002E8CC00DC4586 /* Sources */,
				27D386AE3002E8CC00DC4586 /* Frameworks */,
				27D386AF3002E8CC00DC4586 /* Resources */,
				27CD5A02300475AA00DAE353 /* Bundle CLI Tool */,
			);
			buildRules = (
			);
			dependencies = (
				27CD5A013004759300DAE353 /* PBXTargetDependency */,
			);
			fileSystemSynchronizedGroups = (
				27D386B33002E8CC00DC4586 /* ShutUpMac */,
			);
			name = ShutUpMac;
			packageProductDependencies = (
				278576A13012EB010048BFBD /* NotilogCore */,
			);
			productName = ShutUpMac;
			productReference = 27D386B13002E8CC00DC4586 /* ShutUpMac.app */;
			productType = "com.apple.product-type.application";
		};
		27DD8B9E30046E06001B042B /* ShutUpMacCLI */ = {
			isa = PBXNativeTarget;
			buildConfigurationList = 27DD8BA530046E06001B042B /* Build configuration list for PBXNativeTarget "ShutUpMacCLI" */;
			buildPhases = (
				27DD8B9B30046E06001B042B /* Sources */,
				27DD8B9C30046E06001B042B /* Frameworks */,
				27DD8B9D30046E06001B042B /* CopyFiles */,
			);
			buildRules = (
			);
			dependencies = (
			);
			fileSystemSynchronizedGroups = (
				27DD8BA030046E06001B042B /* ShutUpMacCLI */,
			);
			name = ShutUpMacCLI;
			packageProductDependencies = (
			);
			productName = ShutUpMacCLI;
			productReference = 27DD8B9F30046E06001B042B /* shutupmac-cli */;
			productType = "com.apple.product-type.tool";
		};
/* End PBXNativeTarget section */

/* Begin PBXProject section */
		27D386A93002E8CC00DC4586 /* Project object */ = {
			isa = PBXProject;
			attributes = {
				BuildIndependentTargetsInParallel = 1;
				LastSwiftUpdateCheck = 2660;
				LastUpgradeCheck = 2660;
				TargetAttributes = {
					27D386B03002E8CC00DC4586 = {
						CreatedOnToolsVersion = 26.6;
					};
					27DD8B9E30046E06001B042B = {
						CreatedOnToolsVersion = 26.6;
					};
				};
			};
			buildConfigurationList = 27D386AC3002E8CC00DC4586 /* Build configuration list for PBXProject "ShutUpMac" */;
			developmentRegion = en;
			hasScannedForEncodings = 0;
			knownRegions = (
				en,
				Base,
			);
			mainGroup = 27D386A83002E8CC00DC4586;
			minimizedProjectReferenceProxies = 1;
			packageReferences = (
				2785769F3012E83D0048BFBD /* XCLocalSwiftPackageReference "../../Packages/notilog" */,
			);
			preferredProjectObjectVersion = 77;
			productRefGroup = 27D386B23002E8CC00DC4586 /* Products */;
			projectDirPath = "";
			projectRoot = "";
			targets = (
				27D386B03002E8CC00DC4586 /* ShutUpMac */,
				27DD8B9E30046E06001B042B /* ShutUpMacCLI */,
			);
		};
/* End PBXProject section */

/* Begin PBXResourcesBuildPhase section */
		27D386AF3002E8CC00DC4586 /* Resources */ = {
			isa = PBXResourcesBuildPhase;
			buildActionMask = 2147483647;
			files = (
			);
			runOnlyForDeploymentPostprocessing = 0;
		};
/* End PBXResourcesBuildPhase section */

/* Begin PBXShellScriptBuildPhase section */
		27CD5A02300475AA00DAE353 /* Bundle CLI Tool */ = {
			isa = PBXShellScriptBuildPhase;
			buildActionMask = 2147483647;
			files = (
			);
			inputFileListPaths = (
			);
			inputPaths = (
			);
			name = "Bundle CLI Tool";
			outputFileListPaths = (
			);
			outputPaths = (
			);
			runOnlyForDeploymentPostprocessing = 0;
			shellPath = /bin/sh;
			shellScript = "set -euo pipefail\n\nCLI_SOURCE=\"${BUILT_PRODUCTS_DIR}/shutupmac-cli\"\nHELPERS_DIR=\"${TARGET_BUILD_DIR}/${CONTENTS_FOLDER_PATH}/Helpers\"\nCLI_DEST=\"${HELPERS_DIR}/shutupmac-cli\"\n\nif [ ! -x \"$CLI_SOURCE\" ]; then\n    echo \"error: CLI tool not found at ${CLI_SOURCE}\"\n    exit 1\nfi\n\nmkdir -p \"$HELPERS_DIR\"\ncp -f \"$CLI_SOURCE\" \"$CLI_DEST\"\nchmod 755 \"$CLI_DEST\"\n\nif [ \"${CODE_SIGNING_ALLOWED:-NO}\" = \"YES\" ]; then\n    SIGN_IDENTITY=\"${EXPANDED_CODE_SIGN_IDENTITY:-}\"\n\n    if [ -z \"$SIGN_IDENTITY\" ]; then\n        SIGN_IDENTITY=\"-\"\n    fi\n\n    /usr/bin/codesign --force --sign \"$SIGN_IDENTITY\" --timestamp=none \"$CLI_DEST\"\nfi\n";
		};
/* End PBXShellScriptBuildPhase section */

/* Begin PBXSourcesBuildPhase section */
		27D386AD3002E8CC00DC4586 /* Sources */ = {
			isa = PBXSourcesBuildPhase;
			buildActionMask = 2147483647;
			files = (
			);
			runOnlyForDeploymentPostprocessing = 0;
		};
		27DD8B9B30046E06001B042B /* Sources */ = {
			isa = PBXSourcesBuildPhase;
			buildActionMask = 2147483647;
			files = (
			);
			runOnlyForDeploymentPostprocessing = 0;
		};
/* End PBXSourcesBuildPhase section */

/* Begin PBXTargetDependency section */
		27CD5A013004759300DAE353 /* PBXTargetDependency */ = {
			isa = PBXTargetDependency;
			target = 27DD8B9E30046E06001B042B /* ShutUpMacCLI */;
			targetProxy = 27CD5A003004759300DAE353 /* PBXContainerItemProxy */;
		};
/* End PBXTargetDependency section */

/* Begin XCBuildConfiguration section */
		27D386BA3002E8CD00DC4586 /* Debug */ = {
			isa = XCBuildConfiguration;
			buildSettings = {
				ALWAYS_SEARCH_USER_PATHS = NO;
				ASSETCATALOG_COMPILER_GENERATE_SWIFT_ASSET_SYMBOL_EXTENSIONS = YES;
				CLANG_ANALYZER_NONNULL = YES;
				CLANG_ANALYZER_NUMBER_OBJECT_CONVERSION = YES_AGGRESSIVE;
				CLANG_CXX_LANGUAGE_STANDARD = "gnu++20";
				CLANG_ENABLE_MODULES = YES;
				CLANG_ENABLE_OBJC_ARC = YES;
				CLANG_ENABLE_OBJC_WEAK = YES;
				CLANG_WARN_BLOCK_CAPTURE_AUTORELEASING = YES;
				CLANG_WARN_BOOL_CONVERSION = YES;
				CLANG_WARN_COMMA = YES;
				CLANG_WARN_CONSTANT_CONVERSION = YES;
				CLANG_WARN_DEPRECATED_OBJC_IMPLEMENTATIONS = YES;
				CLANG_WARN_DIRECT_OBJC_ISA_USAGE = YES_ERROR;
				CLANG_WARN_DOCUMENTATION_COMMENTS = YES;
				CLANG_WARN_EMPTY_BODY = YES;
				CLANG_WARN_ENUM_CONVERSION = YES;
				CLANG_WARN_INFINITE_RECURSION = YES;
				CLANG_WARN_INT_CONVERSION = YES;
				CLANG_WARN_NON_LITERAL_NULL_CONVERSION = YES;
				CLANG_WARN_OBJC_IMPLICIT_RETAIN_SELF = YES;
				CLANG_WARN_OBJC_LITERAL_CONVERSION = YES;
				CLANG_WARN_OBJC_ROOT_CLASS = YES_ERROR;
				CLANG_WARN_QUOTED_INCLUDE_IN_FRAMEWORK_HEADER = YES;
				CLANG_WARN_RANGE_LOOP_ANALYSIS = YES;
				CLANG_WARN_STRICT_PROTOTYPES = YES;
				CLANG_WARN_SUSPICIOUS_MOVE = YES;
				CLANG_WARN_UNGUARDED_AVAILABILITY = YES_AGGRESSIVE;
				CLANG_WARN_UNREACHABLE_CODE = YES;
				CLANG_WARN__DUPLICATE_METHOD_MATCH = YES;
				COPY_PHASE_STRIP = NO;
				DEBUG_INFORMATION_FORMAT = dwarf;
				ENABLE_STRICT_OBJC_MSGSEND = YES;
				ENABLE_TESTABILITY = YES;
				ENABLE_USER_SCRIPT_SANDBOXING = YES;
				GCC_C_LANGUAGE_STANDARD = gnu17;
				GCC_DYNAMIC_NO_PIC = NO;
				GCC_NO_COMMON_BLOCKS = YES;
				GCC_OPTIMIZATION_LEVEL = 0;
				GCC_PREPROCESSOR_DEFINITIONS = (
					"DEBUG=1",
					"$(inherited)",
				);
				GCC_WARN_64_TO_32_BIT_CONVERSION = YES;
				GCC_WARN_ABOUT_RETURN_TYPE = YES_ERROR;
				GCC_WARN_UNDECLARED_SELECTOR = YES;
				GCC_WARN_UNINITIALIZED_AUTOS = YES_AGGRESSIVE;
				GCC_WARN_UNUSED_FUNCTION = YES;
				GCC_WARN_UNUSED_VARIABLE = YES;
				LOCALIZATION_PREFERS_STRING_CATALOGS = YES;
				MTL_ENABLE_DEBUG_INFO = INCLUDE_SOURCE;
				MTL_FAST_MATH = YES;
				ONLY_ACTIVE_ARCH = YES;
				SWIFT_ACTIVE_COMPILATION_CONDITIONS = "DEBUG $(inherited)";
				SWIFT_OPTIMIZATION_LEVEL = "-Onone";
			};
			name = Debug;
		};
		27D386BB3002E8CD00DC4586 /* Release */ = {
			isa = XCBuildConfiguration;
			buildSettings = {
				ALWAYS_SEARCH_USER_PATHS = NO;
				ASSETCATALOG_COMPILER_GENERATE_SWIFT_ASSET_SYMBOL_EXTENSIONS = YES;
				CLANG_ANALYZER_NONNULL = YES;
				CLANG_ANALYZER_NUMBER_OBJECT_CONVERSION = YES_AGGRESSIVE;
				CLANG_CXX_LANGUAGE_STANDARD = "gnu++20";
				CLANG_ENABLE_MODULES = YES;
				CLANG_ENABLE_OBJC_ARC = YES;
				CLANG_ENABLE_OBJC_WEAK = YES;
				CLANG_WARN_BLOCK_CAPTURE_AUTORELEASING = YES;
				CLANG_WARN_BOOL_CONVERSION = YES;
				CLANG_WARN_COMMA = YES;
				CLANG_WARN_CONSTANT_CONVERSION = YES;
				CLANG_WARN_DEPRECATED_OBJC_IMPLEMENTATIONS = YES;
				CLANG_WARN_DIRECT_OBJC_ISA_USAGE = YES_ERROR;
				CLANG_WARN_DOCUMENTATION_COMMENTS = YES;
				CLANG_WARN_EMPTY_BODY = YES;
				CLANG_WARN_ENUM_CONVERSION = YES;
				CLANG_WARN_INFINITE_RECURSION = YES;
				CLANG_WARN_INT_CONVERSION = YES;
				CLANG_WARN_NON_LITERAL_NULL_CONVERSION = YES;
				CLANG_WARN_OBJC_IMPLICIT_RETAIN_SELF = YES;
				CLANG_WARN_OBJC_LITERAL_CONVERSION = YES;
				CLANG_WARN_OBJC_ROOT_CLASS = YES_ERROR;
				CLANG_WARN_QUOTED_INCLUDE_IN_FRAMEWORK_HEADER = YES;
				CLANG_WARN_RANGE_LOOP_ANALYSIS = YES;
				CLANG_WARN_STRICT_PROTOTYPES = YES;
				CLANG_WARN_SUSPICIOUS_MOVE = YES;
				CLANG_WARN_UNGUARDED_AVAILABILITY = YES_AGGRESSIVE;
				CLANG_WARN_UNREACHABLE_CODE = YES;
				CLANG_WARN__DUPLICATE_METHOD_MATCH = YES;
				COPY_PHASE_STRIP = NO;
				DEBUG_INFORMATION_FORMAT = "dwarf-with-dsym";
				ENABLE_NS_ASSERTIONS = NO;
				ENABLE_STRICT_OBJC_MSGSEND = YES;
				ENABLE_USER_SCRIPT_SANDBOXING = YES;
				GCC_C_LANGUAGE_STANDARD = gnu17;
				GCC_NO_COMMON_BLOCKS = YES;
				GCC_WARN_64_TO_32_BIT_CONVERSION = YES;
				GCC_WARN_ABOUT_RETURN_TYPE = YES_ERROR;
				GCC_WARN_UNDECLARED_SELECTOR = YES;
				GCC_WARN_UNINITIALIZED_AUTOS = YES_AGGRESSIVE;
				GCC_WARN_UNUSED_FUNCTION = YES;
				GCC_WARN_UNUSED_VARIABLE = YES;
				LOCALIZATION_PREFERS_STRING_CATALOGS = YES;
				MTL_ENABLE_DEBUG_INFO = NO;
				MTL_FAST_MATH = YES;
				SWIFT_COMPILATION_MODE = wholemodule;
			};
			name = Release;
		};
		27D386BD3002E8CD00DC4586 /* Debug */ = {
			isa = XCBuildConfiguration;
			buildSettings = {
				ASSETCATALOG_COMPILER_APPICON_NAME = AppIcon;
				ASSETCATALOG_COMPILER_GLOBAL_ACCENT_COLOR_NAME = AccentColor;
				CODE_SIGN_STYLE = Automatic;
				ENABLE_APP_SANDBOX = NO;
				ENABLE_PREVIEWS = YES;
				ENABLE_USER_SCRIPT_SANDBOXING = NO;
				GENERATE_INFOPLIST_FILE = YES;
				INFOPLIST_KEY_CFBundleDisplayName = ShutUpMac;
				INFOPLIST_KEY_LSApplicationCategoryType = "public.app-category.utilities";
				"INFOPLIST_KEY_UIApplicationSceneManifest_Generation[sdk=iphoneos*]" = YES;
				"INFOPLIST_KEY_UIApplicationSceneManifest_Generation[sdk=iphonesimulator*]" = YES;
				"INFOPLIST_KEY_UIApplicationSupportsIndirectInputEvents[sdk=iphoneos*]" = YES;
				"INFOPLIST_KEY_UIApplicationSupportsIndirectInputEvents[sdk=iphonesimulator*]" = YES;
				"INFOPLIST_KEY_UILaunchScreen_Generation[sdk=iphoneos*]" = YES;
				"INFOPLIST_KEY_UILaunchScreen_Generation[sdk=iphonesimulator*]" = YES;
				"INFOPLIST_KEY_UIStatusBarStyle[sdk=iphoneos*]" = UIStatusBarStyleDefault;
				"INFOPLIST_KEY_UIStatusBarStyle[sdk=iphonesimulator*]" = UIStatusBarStyleDefault;
				INFOPLIST_KEY_UISupportedInterfaceOrientations_iPad = "UIInterfaceOrientationPortrait UIInterfaceOrientationPortraitUpsideDown UIInterfaceOrientationLandscapeLeft UIInterfaceOrientationLandscapeRight";
				INFOPLIST_KEY_UISupportedInterfaceOrientations_iPhone = "UIInterfaceOrientationPortrait UIInterfaceOrientationLandscapeLeft UIInterfaceOrientationLandscapeRight";
				IPHONEOS_DEPLOYMENT_TARGET = 26.5;
				LD_RUNPATH_SEARCH_PATHS = "@executable_path/Frameworks";
				"LD_RUNPATH_SEARCH_PATHS[sdk=macosx*]" = "@executable_path/../Frameworks";
				MACOSX_DEPLOYMENT_TARGET = 26.5;
				MARKETING_VERSION = 0.5.1;
				PRODUCT_BUNDLE_IDENTIFIER = net.kodada.mike.ShutUpMac;
				PRODUCT_NAME = "$(TARGET_NAME)";
				REGISTER_APP_GROUPS = YES;
				SDKROOT = auto;
				STRING_CATALOG_GENERATE_SYMBOLS = YES;
				SUPPORTED_PLATFORMS = macosx;
				SUPPORTS_MACCATALYST = NO;
				SWIFT_APPROACHABLE_CONCURRENCY = YES;
				SWIFT_DEFAULT_ACTOR_ISOLATION = MainActor;
				SWIFT_EMIT_LOC_STRINGS = YES;
				SWIFT_UPCOMING_FEATURE_MEMBER_IMPORT_VISIBILITY = YES;
				SWIFT_VERSION = 5.0;
				XROS_DEPLOYMENT_TARGET = 26.5;
			};
			name = Debug;
		};
		27D386BE3002E8CD00DC4586 /* Release */ = {
			isa = XCBuildConfiguration;
			buildSettings = {
				ASSETCATALOG_COMPILER_APPICON_NAME = AppIcon;
				ASSETCATALOG_COMPILER_GLOBAL_ACCENT_COLOR_NAME = AccentColor;
				CODE_SIGN_STYLE = Automatic;
				ENABLE_APP_SANDBOX = NO;
				ENABLE_PREVIEWS = YES;
				ENABLE_USER_SCRIPT_SANDBOXING = NO;
				GENERATE_INFOPLIST_FILE = YES;
				INFOPLIST_KEY_CFBundleDisplayName = ShutUpMac;
				INFOPLIST_KEY_LSApplicationCategoryType = "public.app-category.utilities";
				"INFOPLIST_KEY_UIApplicationSceneManifest_Generation[sdk=iphoneos*]" = YES;
				"INFOPLIST_KEY_UIApplicationSceneManifest_Generation[sdk=iphonesimulator*]" = YES;
				"INFOPLIST_KEY_UIApplicationSupportsIndirectInputEvents[sdk=iphoneos*]" = YES;
				"INFOPLIST_KEY_UIApplicationSupportsIndirectInputEvents[sdk=iphonesimulator*]" = YES;
				"INFOPLIST_KEY_UILaunchScreen_Generation[sdk=iphoneos*]" = YES;
				"INFOPLIST_KEY_UILaunchScreen_Generation[sdk=iphonesimulator*]" = YES;
				"INFOPLIST_KEY_UIStatusBarStyle[sdk=iphoneos*]" = UIStatusBarStyleDefault;
				"INFOPLIST_KEY_UIStatusBarStyle[sdk=iphonesimulator*]" = UIStatusBarStyleDefault;
				INFOPLIST_KEY_UISupportedInterfaceOrientations_iPad = "UIInterfaceOrientationPortrait UIInterfaceOrientationPortraitUpsideDown UIInterfaceOrientationLandscapeLeft UIInterfaceOrientationLandscapeRight";
				INFOPLIST_KEY_UISupportedInterfaceOrientations_iPhone = "UIInterfaceOrientationPortrait UIInterfaceOrientationLandscapeLeft UIInterfaceOrientationLandscapeRight";
				IPHONEOS_DEPLOYMENT_TARGET = 26.5;
				LD_RUNPATH_SEARCH_PATHS = "@executable_path/Frameworks";
				"LD_RUNPATH_SEARCH_PATHS[sdk=macosx*]" = "@executable_path/../Frameworks";
				MACOSX_DEPLOYMENT_TARGET = 26.5;
				MARKETING_VERSION = 0.5.1;
				PRODUCT_BUNDLE_IDENTIFIER = net.kodada.mike.ShutUpMac;
				PRODUCT_NAME = "$(TARGET_NAME)";
				REGISTER_APP_GROUPS = YES;
				SDKROOT = auto;
				STRING_CATALOG_GENERATE_SYMBOLS = YES;
				SUPPORTED_PLATFORMS = macosx;
				SUPPORTS_MACCATALYST = NO;
				SWIFT_APPROACHABLE_CONCURRENCY = YES;
				SWIFT_DEFAULT_ACTOR_ISOLATION = MainActor;
				SWIFT_EMIT_LOC_STRINGS = YES;
				SWIFT_UPCOMING_FEATURE_MEMBER_IMPORT_VISIBILITY = YES;
				SWIFT_VERSION = 5.0;
				XROS_DEPLOYMENT_TARGET = 26.5;
			};
			name = Release;
		};
		27DD8BA330046E06001B042B /* Debug */ = {
			isa = XCBuildConfiguration;
			buildSettings = {
				CODE_SIGN_STYLE = Automatic;
				MACOSX_DEPLOYMENT_TARGET = 26.5;
				PRODUCT_NAME = "shutupmac-cli";
				SDKROOT = macosx;
				SWIFT_APPROACHABLE_CONCURRENCY = YES;
				SWIFT_UPCOMING_FEATURE_MEMBER_IMPORT_VISIBILITY = YES;
				SWIFT_VERSION = 5.0;
			};
			name = Debug;
		};
		27DD8BA430046E06001B042B /* Release */ = {
			isa = XCBuildConfiguration;
			buildSettings = {
				CODE_SIGN_STYLE = Automatic;
				MACOSX_DEPLOYMENT_TARGET = 26.5;
				PRODUCT_NAME = "shutupmac-cli";
				SDKROOT = macosx;
				SWIFT_APPROACHABLE_CONCURRENCY = YES;
				SWIFT_UPCOMING_FEATURE_MEMBER_IMPORT_VISIBILITY = YES;
				SWIFT_VERSION = 5.0;
			};
			name = Release;
		};
/* End XCBuildConfiguration section */

/* Begin XCConfigurationList section */
		27D386AC3002E8CC00DC4586 /* Build configuration list for PBXProject "ShutUpMac" */ = {
			isa = XCConfigurationList;
			buildConfigurations = (
				27D386BA3002E8CD00DC4586 /* Debug */,
				27D386BB3002E8CD00DC4586 /* Release */,
			);
			defaultConfigurationIsVisible = 0;
			defaultConfigurationName = Release;
		};
		27D386BC3002E8CD00DC4586 /* Build configuration list for PBXNativeTarget "ShutUpMac" */ = {
			isa = XCConfigurationList;
			buildConfigurations = (
				27D386BD3002E8CD00DC4586 /* Debug */,
				27D386BE3002E8CD00DC4586 /* Release */,
			);
			defaultConfigurationIsVisible = 0;
			defaultConfigurationName = Release;
		};
		27DD8BA530046E06001B042B /* Build configuration list for PBXNativeTarget "ShutUpMacCLI" */ = {
			isa = XCConfigurationList;
			buildConfigurations = (
				27DD8BA330046E06001B042B /* Debug */,
				27DD8BA430046E06001B042B /* Release */,
			);
			defaultConfigurationIsVisible = 0;
			defaultConfigurationName = Release;
		};
/* End XCConfigurationList section */

/* Begin XCLocalSwiftPackageReference section */
		2785769F3012E83D0048BFBD /* XCLocalSwiftPackageReference "../../Packages/notilog" */ = {
			isa = XCLocalSwiftPackageReference;
			relativePath = ../../Packages/notilog;
		};
/* End XCLocalSwiftPackageReference section */

/* Begin XCSwiftPackageProductDependency section */
		278576A13012EB010048BFBD /* NotilogCore */ = {
			isa = XCSwiftPackageProductDependency;
			package = 2785769F3012E83D0048BFBD /* XCLocalSwiftPackageReference "../../Packages/notilog" */;
			productName = NotilogCore;
		};
/* End XCSwiftPackageProductDependency section */
	};
	rootObject = 27D386A93002E8CC00DC4586 /* Project object */;
}
